{
  "version": 4,
  "terraform_version": "1.3.6",
  "serial": 1,
  "lineage": "5700270a-3120-1790-178e-c174215666b8",
  "outputs": {},
  "resources": [
    {
      "mode": "managed",
      "type": "local_file",
      "name": "abcd",
      "provider": "provider[\"registry.terraform.io/hashicorp/local\"]",
      "instances": [
        {
          "schema_version": 0,
          "attributes": {
            "content": "hi i'm meghana",
            "content_base64": null,
            "directory_permission": "0777",
            "file_permission": "0777",
            "filename": "terraform_file",
            "id": "d940f329b7eb69909cae82ddb4a9ca27a5de0e34",
            "sensitive_content": null,
            "source": null
          },
          "sensitive_attributes": [],
          "private": "bnVsbA=="
        }
      ]
    }
  ],
  "check_results": null
}
